
Microsoft Visual Studio Solution File, Format Version 12.00
# Visual Studio 15
VisualStudioVersion = 15.0.28010.2046
MinimumVisualStudioVersion = 10.0.40219.1
Project("{2150E333-8FDC-42A3-9474-1A3956D46DE8}") = "1.Presentation", "1.Presentation", "{6FC6697A-DDC7-48BA-AF76-CB87BD67379F}"
EndProject
Project("{2150E333-8FDC-42A3-9474-1A3956D46DE8}") = "2.Services", "2.Services", "{FAF2EFBF-066F-45B0-AA07-A9BE187CBFFC}"
EndProject
Project("{2150E333-8FDC-42A3-9474-1A3956D46DE8}") = "3.Business", "3.Business", "{C2FAB6D5-64EF-4A7B-AC03-2045B1B6AB03}"
EndProject
Project("{2150E333-8FDC-42A3-9474-1A3956D46DE8}") = "4.Domain", "4.Domain", "{043A7386-5A8A-4CDD-9D43-6E6C82911FE4}"
EndProject
Project("{2150E333-8FDC-42A3-9474-1A3956D46DE8}") = "5.Data", "5.Data", "{06425875-DABE-4BB3-99F0-59381B863162}"
EndProject
Project("{2150E333-8FDC-42A3-9474-1A3956D46DE8}") = "6.Common", "6.Common", "{CE147BAF-7D78-43CD-9504-35DA4EE79B8D}"
EndProject
Project("{FAE04EC0-301F-11D3-BF4B-00C04F79EFBC}") = "Isn.Upt.Presentation.Notificator", "1.Presentation\Isn.Upt.Presentation.Notificator\Isn.Upt.Presentation.Notificator.csproj", "{A864BFA7-2623-4CD0-80ED-E797B54EE82D}"
EndProject
Project("{FAE04EC0-301F-11D3-BF4B-00C04F79EFBC}") = "Isn.Upt.Presentation.Configurator.Desktop", "1.Presentation\Isn.Upt.Presentation.Configurator.Desktop\Isn.Upt.Presentation.Configurator.Desktop.csproj", "{E552901C-5D1F-4AEB-84ED-1CEDF9A3F00F}"
EndProject
Project("{FAE04EC0-301F-11D3-BF4B-00C04F79EFBC}") = "Isn.Upt.Service", "2.Services\Isn.Upt.Service\Isn.Upt.Service.csproj", "{0B9034CF-4A89-4394-A233-8ADF445EB592}"
EndProject
Project("{FAE04EC0-301F-11D3-BF4B-00C04F79EFBC}") = "Isn.Ioc", "2.Services\Isn.Ioc\Isn.Ioc.csproj", "{D7B0912E-CDA3-4B17-BCA1-B6994355A981}"
EndProject
Project("{FAE04EC0-301F-11D3-BF4B-00C04F79EFBC}") = "Isn.Upt.Business", "3.Business\Isn.Upt.Business\Isn.Upt.Business.csproj", "{0F82B700-1CF2-4D6C-AA25-EB4DAE36219F}"
EndProject
Project("{FAE04EC0-301F-11D3-BF4B-00C04F79EFBC}") = "Isn.Upt.Domain", "4.Domain\Isn.Upt.Domain\Isn.Upt.Domain.csproj", "{7C8F66FF-63B0-4977-9049-451C1A35B1F1}"
EndProject
Project("{FAE04EC0-301F-11D3-BF4B-00C04F79EFBC}") = "Isn.Upt.Data", "5.Data\Isn.Upt.Data\Isn.Upt.Data.csproj", "{8ED59F8D-AEEE-4490-9B63-8B568A9840FA}"
EndProject
Project("{FAE04EC0-301F-11D3-BF4B-00C04F79EFBC}") = "Isn.Common", "6.Common\Isn.Common\Isn.Common.csproj", "{83190101-665C-4B64-9156-B5E7D6C2212C}"
EndProject
Project("{FAE04EC0-301F-11D3-BF4B-00C04F79EFBC}") = "Cc.Upt.Web", "1.Presentation\Cc.Upt.Web\Cc.Upt.Web.csproj", "{3F85C034-9647-47A5-97D8-F854869217C2}"
EndProject
Global
	GlobalSection(SolutionConfigurationPlatforms) = preSolution
		Debug|Any CPU = Debug|Any CPU
		Release|Any CPU = Release|Any CPU
	EndGlobalSection
	GlobalSection(ProjectConfigurationPlatforms) = postSolution
		{A864BFA7-2623-4CD0-80ED-E797B54EE82D}.Debug|Any CPU.ActiveCfg = Debug|Any CPU
		{A864BFA7-2623-4CD0-80ED-E797B54EE82D}.Debug|Any CPU.Build.0 = Debug|Any CPU
		{A864BFA7-2623-4CD0-80ED-E797B54EE82D}.Release|Any CPU.ActiveCfg = Release|Any CPU
		{A864BFA7-2623-4CD0-80ED-E797B54EE82D}.Release|Any CPU.Build.0 = Release|Any CPU
		{E552901C-5D1F-4AEB-84ED-1CEDF9A3F00F}.Debug|Any CPU.ActiveCfg = Debug|Any CPU
		{E552901C-5D1F-4AEB-84ED-1CEDF9A3F00F}.Debug|Any CPU.Build.0 = Debug|Any CPU
		{E552901C-5D1F-4AEB-84ED-1CEDF9A3F00F}.Release|Any CPU.ActiveCfg = Release|Any CPU
		{E552901C-5D1F-4AEB-84ED-1CEDF9A3F00F}.Release|Any CPU.Build.0 = Release|Any CPU
		{0B9034CF-4A89-4394-A233-8ADF445EB592}.Debug|Any CPU.ActiveCfg = Debug|Any CPU
		{0B9034CF-4A89-4394-A233-8ADF445EB592}.Debug|Any CPU.Build.0 = Debug|Any CPU
		{0B9034CF-4A89-4394-A233-8ADF445EB592}.Release|Any CPU.ActiveCfg = Release|Any CPU
		{0B9034CF-4A89-4394-A233-8ADF445EB592}.Release|Any CPU.Build.0 = Release|Any CPU
		{D7B0912E-CDA3-4B17-BCA1-B6994355A981}.Debug|Any CPU.ActiveCfg = Debug|Any CPU
		{D7B0912E-CDA3-4B17-BCA1-B6994355A981}.Debug|Any CPU.Build.0 = Debug|Any CPU
		{D7B0912E-CDA3-4B17-BCA1-B6994355A981}.Release|Any CPU.ActiveCfg = Release|Any CPU
		{D7B0912E-CDA3-4B17-BCA1-B6994355A981}.Release|Any CPU.Build.0 = Release|Any CPU
		{0F82B700-1CF2-4D6C-AA25-EB4DAE36219F}.Debug|Any CPU.ActiveCfg = Debug|Any CPU
		{0F82B700-1CF2-4D6C-AA25-EB4DAE36219F}.Debug|Any CPU.Build.0 = Debug|Any CPU
		{0F82B700-1CF2-4D6C-AA25-EB4DAE36219F}.Release|Any CPU.ActiveCfg = Release|Any CPU
		{0F82B700-1CF2-4D6C-AA25-EB4DAE36219F}.Release|Any CPU.Build.0 = Release|Any CPU
		{7C8F66FF-63B0-4977-9049-451C1A35B1F1}.Debug|Any CPU.ActiveCfg = Debug|Any CPU
		{7C8F66FF-63B0-4977-9049-451C1A35B1F1}.Debug|Any CPU.Build.0 = Debug|Any CPU
		{7C8F66FF-63B0-4977-9049-451C1A35B1F1}.Release|Any CPU.ActiveCfg = Release|Any CPU
		{7C8F66FF-63B0-4977-9049-451C1A35B1F1}.Release|Any CPU.Build.0 = Release|Any CPU
		{8ED59F8D-AEEE-4490-9B63-8B568A9840FA}.Debug|Any CPU.ActiveCfg = Debug|Any CPU
		{8ED59F8D-AEEE-4490-9B63-8B568A9840FA}.Debug|Any CPU.Build.0 = Debug|Any CPU
		{8ED59F8D-AEEE-4490-9B63-8B568A9840FA}.Release|Any CPU.ActiveCfg = Release|Any CPU
		{8ED59F8D-AEEE-4490-9B63-8B568A9840FA}.Release|Any CPU.Build.0 = Release|Any CPU
		{83190101-665C-4B64-9156-B5E7D6C2212C}.Debug|Any CPU.ActiveCfg = Debug|Any CPU
		{83190101-665C-4B64-9156-B5E7D6C2212C}.Debug|Any CPU.Build.0 = Debug|Any CPU
		{83190101-665C-4B64-9156-B5E7D6C2212C}.Release|Any CPU.ActiveCfg = Release|Any CPU
		{83190101-665C-4B64-9156-B5E7D6C2212C}.Release|Any CPU.Build.0 = Release|Any CPU
		{3F85C034-9647-47A5-97D8-F854869217C2}.Debug|Any CPU.ActiveCfg = Debug|Any CPU
		{3F85C034-9647-47A5-97D8-F854869217C2}.Debug|Any CPU.Build.0 = Debug|Any CPU
		{3F85C034-9647-47A5-97D8-F854869217C2}.Release|Any CPU.ActiveCfg = Release|Any CPU
		{3F85C034-9647-47A5-97D8-F854869217C2}.Release|Any CPU.Build.0 = Release|Any CPU
	EndGlobalSection
	GlobalSection(SolutionProperties) = preSolution
		HideSolutionNode = FALSE
	EndGlobalSection
	GlobalSection(NestedProjects) = preSolution
		{A864BFA7-2623-4CD0-80ED-E797B54EE82D} = {6FC6697A-DDC7-48BA-AF76-CB87BD67379F}
		{E552901C-5D1F-4AEB-84ED-1CEDF9A3F00F} = {6FC6697A-DDC7-48BA-AF76-CB87BD67379F}
		{0B9034CF-4A89-4394-A233-8ADF445EB592} = {FAF2EFBF-066F-45B0-AA07-A9BE187CBFFC}
		{D7B0912E-CDA3-4B17-BCA1-B6994355A981} = {FAF2EFBF-066F-45B0-AA07-A9BE187CBFFC}
		{0F82B700-1CF2-4D6C-AA25-EB4DAE36219F} = {C2FAB6D5-64EF-4A7B-AC03-2045B1B6AB03}
		{7C8F66FF-63B0-4977-9049-451C1A35B1F1} = {043A7386-5A8A-4CDD-9D43-6E6C82911FE4}
		{8ED59F8D-AEEE-4490-9B63-8B568A9840FA} = {06425875-DABE-4BB3-99F0-59381B863162}
		{83190101-665C-4B64-9156-B5E7D6C2212C} = {CE147BAF-7D78-43CD-9504-35DA4EE79B8D}
		{3F85C034-9647-47A5-97D8-F854869217C2} = {6FC6697A-DDC7-48BA-AF76-CB87BD67379F}
	EndGlobalSection
	GlobalSection(ExtensibilityGlobals) = postSolution
		SolutionGuid = {97A75E94-0EEF-4ACD-BD79-D6B2EF4F9EA2}
	EndGlobalSection
EndGlobal
